
Microsoft Visual Studio Solution File, Format Version 12.00
# Visual Studio Version 17
VisualStudioVersion = 17.8.34227.203
MinimumVisualStudioVersion = 10.0.40219.1
Project("{2150E333-8FDC-42A3-9474-1A3956D46DE8}") = "Solution Items", "Solution Items", "{0D6A6CBF-BCC3-4744-9A29-8CF6FDEF7863}"
	ProjectSection(SolutionItems) = preProject
		.editorconfig = .editorconfig
		Resources.Designer.t4 = Resources.Designer.t4
	EndProjectSection
EndProject
Global
	GlobalSection(SolutionProperties) = preSolution
		HideSolutionNode = FALSE
	EndGlobalSection
	GlobalSection(ExtensibilityGlobals) = postSolution
		SolutionGuid = {ED5B36FA-0F71-47A7-BE1E-A0FFC836A6B1}
		RESX_NeutralResourcesLanguage = fr-FR
	EndGlobalSection
EndGlobal
