
Microsoft Visual Studio Solution File, Format Version 12.00
# Visual Studio Version 17
VisualStudioVersion = 17.8.34227.203
MinimumVisualStudioVersion = 10.0.40219.1
Project("{9A19103F-16F7-4668-BE54-9A1E7A4F7556}") = "Xpandables.Net", "Xpandables.Net\Xpandables.Net.csproj", "{C7787848-BFE7-4A2C-B7A4-E036E52F0C9F}"
EndProject
Project("{2150E333-8FDC-42A3-9474-1A3956D46DE8}") = "Solution Items", "Solution Items", "{0D6A6CBF-BCC3-4744-9A29-8CF6FDEF7863}"
	ProjectSection(SolutionItems) = preProject
		.editorconfig = .editorconfig
		Resources.Designer.t4 = Resources.Designer.t4
	EndProjectSection
EndProject
Project("{9A19103F-16F7-4668-BE54-9A1E7A4F7556}") = "Xpandables.Net.UnitTests", "Xpandables.Net.UnitTests\Xpandables.Net.UnitTests.csproj", "{890A33B7-CD84-4656-935F-92812FB68CF3}"
EndProject
Project("{9A19103F-16F7-4668-BE54-9A1E7A4F7556}") = "Xpandables.Net.AspNetCore", "Xpandables.Net.AspNetCore\Xpandables.Net.AspNetCore.csproj", "{E2EC71D2-6D91-40FD-8DE0-C39E43FB03A3}"
EndProject
Project("{9A19103F-16F7-4668-BE54-9A1E7A4F7556}") = "Xpandables.Net.EntityFramework", "Xpandables.Net.EntityFramework\Xpandables.Net.EntityFramework.csproj", "{EBAFFCC4-5617-4101-946F-5BC0AD1A59CE}"
EndProject
Project("{9A19103F-16F7-4668-BE54-9A1E7A4F7556}") = "Xpandables.Net.Repositories", "Xpandables.Net.Repositories\Xpandables.Net.Repositories.csproj", "{0806C66D-4A2B-4CD0-8F00-CC8041867C8B}"
EndProject
Project("{9A19103F-16F7-4668-BE54-9A1E7A4F7556}") = "Xpandables.Net.States", "Xpandables.Net.States\Xpandables.Net.States.csproj", "{9AD491A8-FCA9-4236-987C-6BD6C2137B4D}"
EndProject
Project("{9A19103F-16F7-4668-BE54-9A1E7A4F7556}") = "Xpandables.Net.Http", "Xpandables.Net.Http\Xpandables.Net.Http.csproj", "{EF196BF5-B657-4924-A786-15752FC0FFD6}"
EndProject
Project("{9A19103F-16F7-4668-BE54-9A1E7A4F7556}") = "Xpandables.Net.Primitives", "Xpandables.Net.Primitives\Xpandables.Net.Primitives.csproj", "{BDBC8F8A-2BEF-4AFA-8E74-CA62C2F076D7}"
EndProject
Project("{9A19103F-16F7-4668-BE54-9A1E7A4F7556}") = "Xpandables.Net.Visitors", "Xpandables.Net.Visitors\Xpandables.Net.Visitors.csproj", "{4688956E-9F6F-4466-A8A1-A66965546F78}"
EndProject
Project("{9A19103F-16F7-4668-BE54-9A1E7A4F7556}") = "Xpandables.Net.Operations", "Xpandables.Net.Operations\Xpandables.Net.Operations.csproj", "{C59F9BF0-8A0B-4B62-A1A5-E8EBA8F14C6C}"
EndProject
Project("{9A19103F-16F7-4668-BE54-9A1E7A4F7556}") = "Xpandables.Net.Optionals", "Xpandables.Net.Optionals\Xpandables.Net.Optionals.csproj", "{B905E15C-61BB-4E54-8444-42E86B1B0237}"
EndProject
Project("{9A19103F-16F7-4668-BE54-9A1E7A4F7556}") = "Xpandables.Net.Expressions", "Xpandables.Net.Expressions\Xpandables.Net.Expressions.csproj", "{6A8229DD-FB8C-4BA0-B6E8-F81F3383D3FD}"
EndProject
Project("{9A19103F-16F7-4668-BE54-9A1E7A4F7556}") = "Xpandables.Net.Specifications", "Xpandables.Net.Specifications\Xpandables.Net.Specifications.csproj", "{342DF650-0E6E-4FD6-82B0-09F5CAF19B9E}"
EndProject
Project("{9A19103F-16F7-4668-BE54-9A1E7A4F7556}") = "Xpandables.Net.Validators", "Xpandables.Net.Validators\Xpandables.Net.Validators.csproj", "{1BE802CD-7799-409F-9B77-EC76D737F5CB}"
EndProject
Project("{9A19103F-16F7-4668-BE54-9A1E7A4F7556}") = "Xpandables.Net.Interception", "Xpandables.Net.Interception\Xpandables.Net.Interception.csproj", "{51180CD6-26AE-480D-8079-36784A79D041}"
EndProject
Project("{9A19103F-16F7-4668-BE54-9A1E7A4F7556}") = "Xpandables.Net.Composition", "Xpandables.Net.Composition\Xpandables.Net.Composition.csproj", "{DA5EC5C3-EB19-4172-92E3-F7F17A2504B4}"
EndProject
Project("{9A19103F-16F7-4668-BE54-9A1E7A4F7556}") = "Xpandables.Net.CQRS", "Xpandables.Net.CQRS\Xpandables.Net.CQRS.csproj", "{7574416C-684A-4414-B748-E22BE977327A}"
EndProject
Project("{FAE04EC0-301F-11D3-BF4B-00C04F79EFBC}") = "Xpandables.Net.Aggregates", "Xpandables.Net.Aggregates\Xpandables.Net.Aggregates.csproj", "{198EBD95-6B30-41C2-8F6B-7D8CCAC67921}"
EndProject
Project("{9A19103F-16F7-4668-BE54-9A1E7A4F7556}") = "Xpandables.Net.CQRS.Decorators", "Xpandables.Net.CQRS.Decorators\Xpandables.Net.CQRS.Decorators.csproj", "{DCDC4DBA-7D3E-455B-B1CA-67BA010C3A74}"
EndProject
Project("{9A19103F-16F7-4668-BE54-9A1E7A4F7556}") = "Xpandables.Net.Extensions", "Xpandables.Net.Extensions\Xpandables.Net.Extensions.csproj", "{ED93D471-0A55-4F5C-B577-8DC6FE1D1D80}"
EndProject
Project("{9A19103F-16F7-4668-BE54-9A1E7A4F7556}") = "Xpandables.Net.DependencyInjection", "Xpandables.Net.DependencyInjection\Xpandables.Net.DependencyInjection.csproj", "{E9DD081E-9600-4ADC-BF71-F0402482A77F}"
EndProject
Project("{FAE04EC0-301F-11D3-BF4B-00C04F79EFBC}") = "Xpandables.Net.HostedServices", "Xpandables.Net.HostedServices\Xpandables.Net.HostedServices.csproj", "{40CFC8FD-97C5-4587-83C7-8E97588EAF33}"
EndProject
Global
	GlobalSection(SolutionConfigurationPlatforms) = preSolution
		Debug|Any CPU = Debug|Any CPU
		Debug|x64 = Debug|x64
		Release|Any CPU = Release|Any CPU
		Release|x64 = Release|x64
	EndGlobalSection
	GlobalSection(ProjectConfigurationPlatforms) = postSolution
		{C7787848-BFE7-4A2C-B7A4-E036E52F0C9F}.Debug|Any CPU.ActiveCfg = Debug|x64
		{C7787848-BFE7-4A2C-B7A4-E036E52F0C9F}.Debug|Any CPU.Build.0 = Debug|x64
		{C7787848-BFE7-4A2C-B7A4-E036E52F0C9F}.Debug|x64.ActiveCfg = Debug|x64
		{C7787848-BFE7-4A2C-B7A4-E036E52F0C9F}.Debug|x64.Build.0 = Debug|x64
		{C7787848-BFE7-4A2C-B7A4-E036E52F0C9F}.Release|Any CPU.ActiveCfg = Release|x64
		{C7787848-BFE7-4A2C-B7A4-E036E52F0C9F}.Release|Any CPU.Build.0 = Release|x64
		{C7787848-BFE7-4A2C-B7A4-E036E52F0C9F}.Release|x64.ActiveCfg = Release|x64
		{C7787848-BFE7-4A2C-B7A4-E036E52F0C9F}.Release|x64.Build.0 = Release|x64
		{890A33B7-CD84-4656-935F-92812FB68CF3}.Debug|Any CPU.ActiveCfg = Debug|x64
		{890A33B7-CD84-4656-935F-92812FB68CF3}.Debug|Any CPU.Build.0 = Debug|x64
		{890A33B7-CD84-4656-935F-92812FB68CF3}.Debug|x64.ActiveCfg = Debug|x64
		{890A33B7-CD84-4656-935F-92812FB68CF3}.Debug|x64.Build.0 = Debug|x64
		{890A33B7-CD84-4656-935F-92812FB68CF3}.Release|Any CPU.ActiveCfg = Release|x64
		{890A33B7-CD84-4656-935F-92812FB68CF3}.Release|Any CPU.Build.0 = Release|x64
		{890A33B7-CD84-4656-935F-92812FB68CF3}.Release|x64.ActiveCfg = Release|x64
		{890A33B7-CD84-4656-935F-92812FB68CF3}.Release|x64.Build.0 = Release|x64
		{E2EC71D2-6D91-40FD-8DE0-C39E43FB03A3}.Debug|Any CPU.ActiveCfg = Debug|x64
		{E2EC71D2-6D91-40FD-8DE0-C39E43FB03A3}.Debug|Any CPU.Build.0 = Debug|x64
		{E2EC71D2-6D91-40FD-8DE0-C39E43FB03A3}.Debug|x64.ActiveCfg = Debug|x64
		{E2EC71D2-6D91-40FD-8DE0-C39E43FB03A3}.Debug|x64.Build.0 = Debug|x64
		{E2EC71D2-6D91-40FD-8DE0-C39E43FB03A3}.Release|Any CPU.ActiveCfg = Release|x64
		{E2EC71D2-6D91-40FD-8DE0-C39E43FB03A3}.Release|Any CPU.Build.0 = Release|x64
		{E2EC71D2-6D91-40FD-8DE0-C39E43FB03A3}.Release|x64.ActiveCfg = Release|x64
		{E2EC71D2-6D91-40FD-8DE0-C39E43FB03A3}.Release|x64.Build.0 = Release|x64
		{EBAFFCC4-5617-4101-946F-5BC0AD1A59CE}.Debug|Any CPU.ActiveCfg = Debug|x64
		{EBAFFCC4-5617-4101-946F-5BC0AD1A59CE}.Debug|Any CPU.Build.0 = Debug|x64
		{EBAFFCC4-5617-4101-946F-5BC0AD1A59CE}.Debug|x64.ActiveCfg = Debug|x64
		{EBAFFCC4-5617-4101-946F-5BC0AD1A59CE}.Debug|x64.Build.0 = Debug|x64
		{EBAFFCC4-5617-4101-946F-5BC0AD1A59CE}.Release|Any CPU.ActiveCfg = Release|x64
		{EBAFFCC4-5617-4101-946F-5BC0AD1A59CE}.Release|Any CPU.Build.0 = Release|x64
		{EBAFFCC4-5617-4101-946F-5BC0AD1A59CE}.Release|x64.ActiveCfg = Release|x64
		{EBAFFCC4-5617-4101-946F-5BC0AD1A59CE}.Release|x64.Build.0 = Release|x64
		{0806C66D-4A2B-4CD0-8F00-CC8041867C8B}.Debug|Any CPU.ActiveCfg = Debug|x64
		{0806C66D-4A2B-4CD0-8F00-CC8041867C8B}.Debug|Any CPU.Build.0 = Debug|x64
		{0806C66D-4A2B-4CD0-8F00-CC8041867C8B}.Debug|x64.ActiveCfg = Debug|x64
		{0806C66D-4A2B-4CD0-8F00-CC8041867C8B}.Debug|x64.Build.0 = Debug|x64
		{0806C66D-4A2B-4CD0-8F00-CC8041867C8B}.Release|Any CPU.ActiveCfg = Release|x64
		{0806C66D-4A2B-4CD0-8F00-CC8041867C8B}.Release|Any CPU.Build.0 = Release|x64
		{0806C66D-4A2B-4CD0-8F00-CC8041867C8B}.Release|x64.ActiveCfg = Release|x64
		{0806C66D-4A2B-4CD0-8F00-CC8041867C8B}.Release|x64.Build.0 = Release|x64
		{9AD491A8-FCA9-4236-987C-6BD6C2137B4D}.Debug|Any CPU.ActiveCfg = Debug|x64
		{9AD491A8-FCA9-4236-987C-6BD6C2137B4D}.Debug|Any CPU.Build.0 = Debug|x64
		{9AD491A8-FCA9-4236-987C-6BD6C2137B4D}.Debug|x64.ActiveCfg = Debug|x64
		{9AD491A8-FCA9-4236-987C-6BD6C2137B4D}.Debug|x64.Build.0 = Debug|x64
		{9AD491A8-FCA9-4236-987C-6BD6C2137B4D}.Release|Any CPU.ActiveCfg = Release|x64
		{9AD491A8-FCA9-4236-987C-6BD6C2137B4D}.Release|Any CPU.Build.0 = Release|x64
		{9AD491A8-FCA9-4236-987C-6BD6C2137B4D}.Release|x64.ActiveCfg = Release|x64
		{9AD491A8-FCA9-4236-987C-6BD6C2137B4D}.Release|x64.Build.0 = Release|x64
		{EF196BF5-B657-4924-A786-15752FC0FFD6}.Debug|Any CPU.ActiveCfg = Debug|Any CPU
		{EF196BF5-B657-4924-A786-15752FC0FFD6}.Debug|Any CPU.Build.0 = Debug|Any CPU
		{EF196BF5-B657-4924-A786-15752FC0FFD6}.Debug|x64.ActiveCfg = Debug|x64
		{EF196BF5-B657-4924-A786-15752FC0FFD6}.Debug|x64.Build.0 = Debug|x64
		{EF196BF5-B657-4924-A786-15752FC0FFD6}.Release|Any CPU.ActiveCfg = Release|Any CPU
		{EF196BF5-B657-4924-A786-15752FC0FFD6}.Release|Any CPU.Build.0 = Release|Any CPU
		{EF196BF5-B657-4924-A786-15752FC0FFD6}.Release|x64.ActiveCfg = Release|x64
		{EF196BF5-B657-4924-A786-15752FC0FFD6}.Release|x64.Build.0 = Release|x64
		{BDBC8F8A-2BEF-4AFA-8E74-CA62C2F076D7}.Debug|Any CPU.ActiveCfg = Debug|Any CPU
		{BDBC8F8A-2BEF-4AFA-8E74-CA62C2F076D7}.Debug|Any CPU.Build.0 = Debug|Any CPU
		{BDBC8F8A-2BEF-4AFA-8E74-CA62C2F076D7}.Debug|x64.ActiveCfg = Debug|x64
		{BDBC8F8A-2BEF-4AFA-8E74-CA62C2F076D7}.Debug|x64.Build.0 = Debug|x64
		{BDBC8F8A-2BEF-4AFA-8E74-CA62C2F076D7}.Release|Any CPU.ActiveCfg = Release|Any CPU
		{BDBC8F8A-2BEF-4AFA-8E74-CA62C2F076D7}.Release|Any CPU.Build.0 = Release|Any CPU
		{BDBC8F8A-2BEF-4AFA-8E74-CA62C2F076D7}.Release|x64.ActiveCfg = Release|x64
		{BDBC8F8A-2BEF-4AFA-8E74-CA62C2F076D7}.Release|x64.Build.0 = Release|x64
		{4688956E-9F6F-4466-A8A1-A66965546F78}.Debug|Any CPU.ActiveCfg = Debug|Any CPU
		{4688956E-9F6F-4466-A8A1-A66965546F78}.Debug|Any CPU.Build.0 = Debug|Any CPU
		{4688956E-9F6F-4466-A8A1-A66965546F78}.Debug|x64.ActiveCfg = Debug|x64
		{4688956E-9F6F-4466-A8A1-A66965546F78}.Debug|x64.Build.0 = Debug|x64
		{4688956E-9F6F-4466-A8A1-A66965546F78}.Release|Any CPU.ActiveCfg = Release|Any CPU
		{4688956E-9F6F-4466-A8A1-A66965546F78}.Release|Any CPU.Build.0 = Release|Any CPU
		{4688956E-9F6F-4466-A8A1-A66965546F78}.Release|x64.ActiveCfg = Release|x64
		{4688956E-9F6F-4466-A8A1-A66965546F78}.Release|x64.Build.0 = Release|x64
		{C59F9BF0-8A0B-4B62-A1A5-E8EBA8F14C6C}.Debug|Any CPU.ActiveCfg = Debug|Any CPU
		{C59F9BF0-8A0B-4B62-A1A5-E8EBA8F14C6C}.Debug|Any CPU.Build.0 = Debug|Any CPU
		{C59F9BF0-8A0B-4B62-A1A5-E8EBA8F14C6C}.Debug|x64.ActiveCfg = Debug|x64
		{C59F9BF0-8A0B-4B62-A1A5-E8EBA8F14C6C}.Debug|x64.Build.0 = Debug|x64
		{C59F9BF0-8A0B-4B62-A1A5-E8EBA8F14C6C}.Release|Any CPU.ActiveCfg = Release|Any CPU
		{C59F9BF0-8A0B-4B62-A1A5-E8EBA8F14C6C}.Release|Any CPU.Build.0 = Release|Any CPU
		{C59F9BF0-8A0B-4B62-A1A5-E8EBA8F14C6C}.Release|x64.ActiveCfg = Release|x64
		{C59F9BF0-8A0B-4B62-A1A5-E8EBA8F14C6C}.Release|x64.Build.0 = Release|x64
		{B905E15C-61BB-4E54-8444-42E86B1B0237}.Debug|Any CPU.ActiveCfg = Debug|Any CPU
		{B905E15C-61BB-4E54-8444-42E86B1B0237}.Debug|Any CPU.Build.0 = Debug|Any CPU
		{B905E15C-61BB-4E54-8444-42E86B1B0237}.Debug|x64.ActiveCfg = Debug|x64
		{B905E15C-61BB-4E54-8444-42E86B1B0237}.Debug|x64.Build.0 = Debug|x64
		{B905E15C-61BB-4E54-8444-42E86B1B0237}.Release|Any CPU.ActiveCfg = Release|Any CPU
		{B905E15C-61BB-4E54-8444-42E86B1B0237}.Release|Any CPU.Build.0 = Release|Any CPU
		{B905E15C-61BB-4E54-8444-42E86B1B0237}.Release|x64.ActiveCfg = Release|x64
		{B905E15C-61BB-4E54-8444-42E86B1B0237}.Release|x64.Build.0 = Release|x64
		{6A8229DD-FB8C-4BA0-B6E8-F81F3383D3FD}.Debug|Any CPU.ActiveCfg = Debug|Any CPU
		{6A8229DD-FB8C-4BA0-B6E8-F81F3383D3FD}.Debug|Any CPU.Build.0 = Debug|Any CPU
		{6A8229DD-FB8C-4BA0-B6E8-F81F3383D3FD}.Debug|x64.ActiveCfg = Debug|x64
		{6A8229DD-FB8C-4BA0-B6E8-F81F3383D3FD}.Debug|x64.Build.0 = Debug|x64
		{6A8229DD-FB8C-4BA0-B6E8-F81F3383D3FD}.Release|Any CPU.ActiveCfg = Release|Any CPU
		{6A8229DD-FB8C-4BA0-B6E8-F81F3383D3FD}.Release|Any CPU.Build.0 = Release|Any CPU
		{6A8229DD-FB8C-4BA0-B6E8-F81F3383D3FD}.Release|x64.ActiveCfg = Release|x64
		{6A8229DD-FB8C-4BA0-B6E8-F81F3383D3FD}.Release|x64.Build.0 = Release|x64
		{342DF650-0E6E-4FD6-82B0-09F5CAF19B9E}.Debug|Any CPU.ActiveCfg = Debug|Any CPU
		{342DF650-0E6E-4FD6-82B0-09F5CAF19B9E}.Debug|Any CPU.Build.0 = Debug|Any CPU
		{342DF650-0E6E-4FD6-82B0-09F5CAF19B9E}.Debug|x64.ActiveCfg = Debug|x64
		{342DF650-0E6E-4FD6-82B0-09F5CAF19B9E}.Debug|x64.Build.0 = Debug|x64
		{342DF650-0E6E-4FD6-82B0-09F5CAF19B9E}.Release|Any CPU.ActiveCfg = Release|Any CPU
		{342DF650-0E6E-4FD6-82B0-09F5CAF19B9E}.Release|Any CPU.Build.0 = Release|Any CPU
		{342DF650-0E6E-4FD6-82B0-09F5CAF19B9E}.Release|x64.ActiveCfg = Release|x64
		{342DF650-0E6E-4FD6-82B0-09F5CAF19B9E}.Release|x64.Build.0 = Release|x64
		{1BE802CD-7799-409F-9B77-EC76D737F5CB}.Debug|Any CPU.ActiveCfg = Debug|Any CPU
		{1BE802CD-7799-409F-9B77-EC76D737F5CB}.Debug|Any CPU.Build.0 = Debug|Any CPU
		{1BE802CD-7799-409F-9B77-EC76D737F5CB}.Debug|x64.ActiveCfg = Debug|x64
		{1BE802CD-7799-409F-9B77-EC76D737F5CB}.Debug|x64.Build.0 = Debug|x64
		{1BE802CD-7799-409F-9B77-EC76D737F5CB}.Release|Any CPU.ActiveCfg = Release|Any CPU
		{1BE802CD-7799-409F-9B77-EC76D737F5CB}.Release|Any CPU.Build.0 = Release|Any CPU
		{1BE802CD-7799-409F-9B77-EC76D737F5CB}.Release|x64.ActiveCfg = Release|x64
		{1BE802CD-7799-409F-9B77-EC76D737F5CB}.Release|x64.Build.0 = Release|x64
		{51180CD6-26AE-480D-8079-36784A79D041}.Debug|Any CPU.ActiveCfg = Debug|Any CPU
		{51180CD6-26AE-480D-8079-36784A79D041}.Debug|Any CPU.Build.0 = Debug|Any CPU
		{51180CD6-26AE-480D-8079-36784A79D041}.Debug|x64.ActiveCfg = Debug|x64
		{51180CD6-26AE-480D-8079-36784A79D041}.Debug|x64.Build.0 = Debug|x64
		{51180CD6-26AE-480D-8079-36784A79D041}.Release|Any CPU.ActiveCfg = Release|Any CPU
		{51180CD6-26AE-480D-8079-36784A79D041}.Release|Any CPU.Build.0 = Release|Any CPU
		{51180CD6-26AE-480D-8079-36784A79D041}.Release|x64.ActiveCfg = Release|x64
		{51180CD6-26AE-480D-8079-36784A79D041}.Release|x64.Build.0 = Release|x64
		{DA5EC5C3-EB19-4172-92E3-F7F17A2504B4}.Debug|Any CPU.ActiveCfg = Debug|Any CPU
		{DA5EC5C3-EB19-4172-92E3-F7F17A2504B4}.Debug|Any CPU.Build.0 = Debug|Any CPU
		{DA5EC5C3-EB19-4172-92E3-F7F17A2504B4}.Debug|x64.ActiveCfg = Debug|x64
		{DA5EC5C3-EB19-4172-92E3-F7F17A2504B4}.Debug|x64.Build.0 = Debug|x64
		{DA5EC5C3-EB19-4172-92E3-F7F17A2504B4}.Release|Any CPU.ActiveCfg = Release|Any CPU
		{DA5EC5C3-EB19-4172-92E3-F7F17A2504B4}.Release|Any CPU.Build.0 = Release|Any CPU
		{DA5EC5C3-EB19-4172-92E3-F7F17A2504B4}.Release|x64.ActiveCfg = Release|x64
		{DA5EC5C3-EB19-4172-92E3-F7F17A2504B4}.Release|x64.Build.0 = Release|x64
		{7574416C-684A-4414-B748-E22BE977327A}.Debug|Any CPU.ActiveCfg = Debug|Any CPU
		{7574416C-684A-4414-B748-E22BE977327A}.Debug|Any CPU.Build.0 = Debug|Any CPU
		{7574416C-684A-4414-B748-E22BE977327A}.Debug|x64.ActiveCfg = Debug|x64
		{7574416C-684A-4414-B748-E22BE977327A}.Debug|x64.Build.0 = Debug|x64
		{7574416C-684A-4414-B748-E22BE977327A}.Release|Any CPU.ActiveCfg = Release|Any CPU
		{7574416C-684A-4414-B748-E22BE977327A}.Release|Any CPU.Build.0 = Release|Any CPU
		{7574416C-684A-4414-B748-E22BE977327A}.Release|x64.ActiveCfg = Release|x64
		{7574416C-684A-4414-B748-E22BE977327A}.Release|x64.Build.0 = Release|x64
		{198EBD95-6B30-41C2-8F6B-7D8CCAC67921}.Debug|Any CPU.ActiveCfg = Debug|Any CPU
		{198EBD95-6B30-41C2-8F6B-7D8CCAC67921}.Debug|Any CPU.Build.0 = Debug|Any CPU
		{198EBD95-6B30-41C2-8F6B-7D8CCAC67921}.Debug|x64.ActiveCfg = Debug|x64
		{198EBD95-6B30-41C2-8F6B-7D8CCAC67921}.Debug|x64.Build.0 = Debug|x64
		{198EBD95-6B30-41C2-8F6B-7D8CCAC67921}.Release|Any CPU.ActiveCfg = Release|Any CPU
		{198EBD95-6B30-41C2-8F6B-7D8CCAC67921}.Release|Any CPU.Build.0 = Release|Any CPU
		{198EBD95-6B30-41C2-8F6B-7D8CCAC67921}.Release|x64.ActiveCfg = Release|x64
		{198EBD95-6B30-41C2-8F6B-7D8CCAC67921}.Release|x64.Build.0 = Release|x64
		{DCDC4DBA-7D3E-455B-B1CA-67BA010C3A74}.Debug|Any CPU.ActiveCfg = Debug|Any CPU
		{DCDC4DBA-7D3E-455B-B1CA-67BA010C3A74}.Debug|Any CPU.Build.0 = Debug|Any CPU
		{DCDC4DBA-7D3E-455B-B1CA-67BA010C3A74}.Debug|x64.ActiveCfg = Debug|x64
		{DCDC4DBA-7D3E-455B-B1CA-67BA010C3A74}.Debug|x64.Build.0 = Debug|x64
		{DCDC4DBA-7D3E-455B-B1CA-67BA010C3A74}.Release|Any CPU.ActiveCfg = Release|Any CPU
		{DCDC4DBA-7D3E-455B-B1CA-67BA010C3A74}.Release|Any CPU.Build.0 = Release|Any CPU
		{DCDC4DBA-7D3E-455B-B1CA-67BA010C3A74}.Release|x64.ActiveCfg = Release|x64
		{DCDC4DBA-7D3E-455B-B1CA-67BA010C3A74}.Release|x64.Build.0 = Release|x64
		{ED93D471-0A55-4F5C-B577-8DC6FE1D1D80}.Debug|Any CPU.ActiveCfg = Debug|Any CPU
		{ED93D471-0A55-4F5C-B577-8DC6FE1D1D80}.Debug|Any CPU.Build.0 = Debug|Any CPU
		{ED93D471-0A55-4F5C-B577-8DC6FE1D1D80}.Debug|x64.ActiveCfg = Debug|x64
		{ED93D471-0A55-4F5C-B577-8DC6FE1D1D80}.Debug|x64.Build.0 = Debug|x64
		{ED93D471-0A55-4F5C-B577-8DC6FE1D1D80}.Release|Any CPU.ActiveCfg = Release|Any CPU
		{ED93D471-0A55-4F5C-B577-8DC6FE1D1D80}.Release|Any CPU.Build.0 = Release|Any CPU
		{ED93D471-0A55-4F5C-B577-8DC6FE1D1D80}.Release|x64.ActiveCfg = Release|x64
		{ED93D471-0A55-4F5C-B577-8DC6FE1D1D80}.Release|x64.Build.0 = Release|x64
		{E9DD081E-9600-4ADC-BF71-F0402482A77F}.Debug|Any CPU.ActiveCfg = Debug|Any CPU
		{E9DD081E-9600-4ADC-BF71-F0402482A77F}.Debug|Any CPU.Build.0 = Debug|Any CPU
		{E9DD081E-9600-4ADC-BF71-F0402482A77F}.Debug|x64.ActiveCfg = Debug|x64
		{E9DD081E-9600-4ADC-BF71-F0402482A77F}.Debug|x64.Build.0 = Debug|x64
		{E9DD081E-9600-4ADC-BF71-F0402482A77F}.Release|Any CPU.ActiveCfg = Release|Any CPU
		{E9DD081E-9600-4ADC-BF71-F0402482A77F}.Release|Any CPU.Build.0 = Release|Any CPU
		{E9DD081E-9600-4ADC-BF71-F0402482A77F}.Release|x64.ActiveCfg = Release|x64
		{E9DD081E-9600-4ADC-BF71-F0402482A77F}.Release|x64.Build.0 = Release|x64
		{40CFC8FD-97C5-4587-83C7-8E97588EAF33}.Debug|Any CPU.ActiveCfg = Debug|Any CPU
		{40CFC8FD-97C5-4587-83C7-8E97588EAF33}.Debug|Any CPU.Build.0 = Debug|Any CPU
		{40CFC8FD-97C5-4587-83C7-8E97588EAF33}.Debug|x64.ActiveCfg = Debug|x64
		{40CFC8FD-97C5-4587-83C7-8E97588EAF33}.Debug|x64.Build.0 = Debug|x64
		{40CFC8FD-97C5-4587-83C7-8E97588EAF33}.Release|Any CPU.ActiveCfg = Release|Any CPU
		{40CFC8FD-97C5-4587-83C7-8E97588EAF33}.Release|Any CPU.Build.0 = Release|Any CPU
		{40CFC8FD-97C5-4587-83C7-8E97588EAF33}.Release|x64.ActiveCfg = Release|x64
		{40CFC8FD-97C5-4587-83C7-8E97588EAF33}.Release|x64.Build.0 = Release|x64
	EndGlobalSection
	GlobalSection(SolutionProperties) = preSolution
		HideSolutionNode = FALSE
	EndGlobalSection
	GlobalSection(ExtensibilityGlobals) = postSolution
		RESX_NeutralResourcesLanguage = fr-FR
		SolutionGuid = {ED5B36FA-0F71-47A7-BE1E-A0FFC836A6B1}
	EndGlobalSection
EndGlobal
